<Solution>
  <Folder Name="/src/">
    <Project Path="src/DragTrans.API/DragTrans.API.csproj" />
    <Project Path="src/DragTrans.Application/DragTrans.Application.csproj" />
    <Project Path="src/DragTrans.Domain/DragTrans.Domain.csproj" />
    <Project Path="src/DragTrans.Infrastructure/DragTrans.Infrastructure.csproj" />
    <Project Path="src/DragTrans.Worker/DragTrans.Worker.csproj" />
  </Folder>
</Solution>
